{
  "nodes": {
    "LS_COLORS": {
      "flake": false,
      "locked": {
        "lastModified": 1606638347,
        "narHash": "sha256-6A3h1R1+kZbCwouUshvRpUL3fVkkDuHCD+bz8Jbq4M0=",
        "owner": "arcticicestudio",
        "repo": "nord-dircolors",
        "rev": "35166d328992213194d7d02cd034e39da962f19e",
        "type": "github"
      },
      "original": {
        "owner": "arcticicestudio",
        "repo": "nord-dircolors",
        "type": "github"
      }
    },
    "flake-compat": {
      "flake": false,
      "locked": {
        "lastModified": 1627913399,
        "narHash": "sha256-hY8g6H2KFL8ownSiFeMOjwPC8P0ueXpCVEbxgda3pko=",
        "owner": "edolstra",
        "repo": "flake-compat",
        "rev": "12c64ca55c1014cdc1b16ed5a804aa8576601ff2",
        "type": "github"
      },
      "original": {
        "owner": "edolstra",
        "repo": "flake-compat",
        "type": "github"
      }
    },
    "flake-utils": {
      "locked": {
        "lastModified": 1629481132,
        "narHash": "sha256-JHgasjPR0/J1J3DRm4KxM4zTyAj4IOJY8vIl75v/kPI=",
        "owner": "numtide",
        "repo": "flake-utils",
        "rev": "997f7efcb746a9c140ce1f13c72263189225f482",
        "type": "github"
      },
      "original": {
        "owner": "numtide",
        "repo": "flake-utils",
        "type": "github"
      }
    },
    "home-manager": {
      "inputs": {
        "nixpkgs": [
          "nixpkgs"
        ]
      },
      "locked": {
        "lastModified": 1629961460,
        "narHash": "sha256-t0UEf5bIJg4TKrqN3dF2rS65iyKCUTT0RfW2f5lWMQw=",
        "owner": "nix-community",
        "repo": "home-manager",
        "rev": "f637e145d758ab183d3dba096c9312eae8bc0c7c",
        "type": "github"
      },
      "original": {
        "owner": "nix-community",
        "repo": "home-manager",
        "type": "github"
      }
    },
    "neovim-flake": {
      "inputs": {
        "flake-utils": "flake-utils",
        "nixpkgs": [
          "neovim-nightly-overlay",
          "nixpkgs"
        ]
      },
      "locked": {
        "dir": "contrib",
        "lastModified": 1633655970,
        "narHash": "sha256-yM6rNs3tSi753imaz/4fi/oFwibKO7WEMIeZCJJ3vrc=",
        "owner": "neovim",
        "repo": "neovim",
        "rev": "7f93b2ab01c93720820712a3c81462a58d04dfa0",
        "type": "github"
      },
      "original": {
        "dir": "contrib",
        "owner": "neovim",
        "repo": "neovim",
        "type": "github"
      }
    },
    "neovim-nightly-overlay": {
      "inputs": {
        "flake-compat": "flake-compat",
        "neovim-flake": "neovim-flake",
        "nixpkgs": "nixpkgs"
      },
      "locked": {
        "lastModified": 1633680812,
        "narHash": "sha256-U1zg7nMZ0N03BV5d7d6U+PtOULTNupLMx7Gjyh23u7s=",
        "owner": "nix-community",
        "repo": "neovim-nightly-overlay",
        "rev": "53e6f8d4acee614063a951c8163437755245c3dd",
        "type": "github"
      },
      "original": {
        "owner": "nix-community",
        "repo": "neovim-nightly-overlay",
        "type": "github"
      }
    },
    "nixpkgs": {
      "locked": {
        "lastModified": 1633528625,
        "narHash": "sha256-AGj5q58eHACAe0RQGxObrGwMUsjMozTsiznhsLCYisQ=",
        "owner": "nixos",
        "repo": "nixpkgs",
        "rev": "5e2018f7b383aeca6824a30c0cd1978c9532a46a",
        "type": "github"
      },
      "original": {
        "owner": "nixos",
        "ref": "nixos-unstable",
        "repo": "nixpkgs",
        "type": "github"
      }
    },
    "nixpkgs_2": {
      "locked": {
        "lastModified": 1631614142,
        "narHash": "sha256-4B/qkXHPWe/1NL4enq6Qp8eNvTGtvoes1ZpnGbmlRwM=",
        "owner": "nixos",
        "repo": "nixpkgs",
        "rev": "071317d543205ee5f5611d391a37582f9b282240",
        "type": "github"
      },
      "original": {
        "owner": "nixos",
        "ref": "nixpkgs-unstable",
        "repo": "nixpkgs",
        "type": "github"
      }
    },
    "root": {
      "inputs": {
        "LS_COLORS": "LS_COLORS",
        "home-manager": "home-manager",
        "neovim-nightly-overlay": "neovim-nightly-overlay",
        "nixpkgs": "nixpkgs_2",
        "tfenv": "tfenv"
      }
    },
    "tfenv": {
      "flake": false,
      "locked": {
        "lastModified": 1629108805,
        "narHash": "sha256-xKX+aUIgNbKysxG8S4YPK5LE/1S07v5HN6zqdIbYiMw=",
        "owner": "tfutils",
        "repo": "tfenv",
        "rev": "459d15b63f55c2f507bfa6a18e9dec5937e45daf",
        "type": "github"
      },
      "original": {
        "owner": "tfutils",
        "repo": "tfenv",
        "type": "github"
      }
    }
  },
  "root": "root",
  "version": 7
}
